// !$*UTF8*$!
{
	archiveVersion = 1;
	classes = {
	};
	objectVersion = 46;
	objects = {

/* Begin PBXBuildFile section */
		5C6C7F5A1A2C6651007E3BEE /* AppDelegate.mm in Sources */ = {isa = PBXBuildFile; fileRef = 5C6C7F101A2C6651007E3BEE /* AppDelegate.mm */; };
		5C6C7F5B1A2C6651007E3BEE /* LaunchScreen.xib in Resources */ = {isa = PBXBuildFile; fileRef = 5C6C7F111A2C6651007E3BEE /* LaunchScreen.xib */; };
		5C6C7F5C1A2C6651007E3BEE /* Main.storyboard in Resources */ = {isa = PBXBuildFile; fileRef = 5C6C7F131A2C6651007E3BEE /* Main.storyboard */; };
		5C6C7F5D1A2C6651007E3BEE /* Images.xcassets in Resources */ = {isa = PBXBuildFile; fileRef = 5C6C7F151A2C6651007E3BEE /* Images.xcassets */; };
		5C6C7F5E1A2C6651007E3BEE /* Info.plist in Resources */ = {isa = PBXBuildFile; fileRef = 5C6C7F541A2C6651007E3BEE /* Info.plist */; };
		5C6C7F5F1A2C6651007E3BEE /* libbaidumapapi.a in Frameworks */ = {isa = PBXBuildFile; fileRef = 5C6C7F551A2C6651007E3BEE /* libbaidumapapi.a */; };
		5C6C7F601A2C6651007E3BEE /* main.m in Sources */ = {isa = PBXBuildFile; fileRef = 5C6C7F561A2C6651007E3BEE /* main.m */; };
		5C6C7F611A2C6651007E3BEE /* mapapi.bundle in Resources */ = {isa = PBXBuildFile; fileRef = 5C6C7F571A2C6651007E3BEE /* mapapi.bundle */; };
		5C6C7F621A2C6651007E3BEE /* ViewController.m in Sources */ = {isa = PBXBuildFile; fileRef = 5C6C7F591A2C6651007E3BEE /* ViewController.m */; };
		697A1E461A29D2C900350B7E /* My_Baidu_MapTests.m in Sources */ = {isa = PBXBuildFile; fileRef = 697A1E451A29D2C900350B7E /* My_Baidu_MapTests.m */; };
		697A1E911A29D55B00350B7E /* CoreLocation.framework in Frameworks */ = {isa = PBXBuildFile; fileRef = 697A1E901A29D55B00350B7E /* CoreLocation.framework */; };
		697A1E931A29D56D00350B7E /* QuartzCore.framework in Frameworks */ = {isa = PBXBuildFile; fileRef = 697A1E921A29D56D00350B7E /* QuartzCore.framework */; };
		697A1E951A29D57D00350B7E /* OpenGLES.framework in Frameworks */ = {isa = PBXBuildFile; fileRef = 697A1E941A29D57D00350B7E /* OpenGLES.framework */; };
		697A1E971A29D58D00350B7E /* SystemConfiguration.framework in Frameworks */ = {isa = PBXBuildFile; fileRef = 697A1E961A29D58D00350B7E /* SystemConfiguration.framework */; };
		697A1E991A29D59700350B7E /* CoreGraphics.framework in Frameworks */ = {isa = PBXBuildFile; fileRef = 697A1E981A29D59700350B7E /* CoreGraphics.framework */; };
		697A1E9B1A29D5A100350B7E /* Security.framework in Frameworks */ = {isa = PBXBuildFile; fileRef = 697A1E9A1A29D5A100350B7E /* Security.framework */; };
/* End PBXBuildFile section */

/* Begin PBXContainerItemProxy section */
		697A1E401A29D2C900350B7E /* PBXContainerItemProxy */ = {
			isa = PBXContainerItemProxy;
			containerPortal = 697A1E1E1A29D2C900350B7E /* Project object */;
			proxyType = 1;
			remoteGlobalIDString = 697A1E251A29D2C900350B7E;
			remoteInfo = "My Baidu Map";
		};
/* End PBXContainerItemProxy section */

/* Begin PBXFileReference section */
		5C6C7F0F1A2C6651007E3BEE /* AppDelegate.h */ = {isa = PBXFileReference; fileEncoding = 4; lastKnownFileType = sourcecode.c.h; path = AppDelegate.h; sourceTree = "<group>"; };
		5C6C7F101A2C6651007E3BEE /* AppDelegate.mm */ = {isa = PBXFileReference; fileEncoding = 4; lastKnownFileType = sourcecode.cpp.objcpp; path = AppDelegate.mm; sourceTree = "<group>"; };
		5C6C7F121A2C6651007E3BEE /* Base */ = {isa = PBXFileReference; lastKnownFileType = file.xib; name = Base; path = Base.lproj/LaunchScreen.xib; sourceTree = "<group>"; };
		5C6C7F141A2C6651007E3BEE /* Base */ = {isa = PBXFileReference; lastKnownFileType = file.storyboard; name = Base; path = Base.lproj/Main.storyboard; sourceTree = "<group>"; };
		5C6C7F151A2C6651007E3BEE /* Images.xcassets */ = {isa = PBXFileReference; lastKnownFileType = folder.assetcatalog; path = Images.xcassets; sourceTree = "<group>"; };
		5C6C7F171A2C6651007E3BEE /* BMapKit.h */ = {isa = PBXFileReference; fileEncoding = 4; lastKnownFileType = sourcecode.c.h; path = BMapKit.h; sourceTree = "<group>"; };
		5C6C7F181A2C6651007E3BEE /* BMKActionPaopaoView.h */ = {isa = PBXFileReference; fileEncoding = 4; lastKnownFileType = sourcecode.c.h; path = BMKActionPaopaoView.h; sourceTree = "<group>"; };
		5C6C7F191A2C6651007E3BEE /* BMKAnnotation.h */ = {isa = PBXFileReference; fileEncoding = 4; lastKnownFileType = sourcecode.c.h; path = BMKAnnotation.h; sourceTree = "<group>"; };
		5C6C7F1A1A2C6651007E3BEE /* BMKAnnotationView.h */ = {isa = PBXFileReference; fileEncoding = 4; lastKnownFileType = sourcecode.c.h; path = BMKAnnotationView.h; sourceTree = "<group>"; };
		5C6C7F1B1A2C6651007E3BEE /* BMKArcline.h */ = {isa = PBXFileReference; fileEncoding = 4; lastKnownFileType = sourcecode.c.h; path = BMKArcline.h; sourceTree = "<group>"; };
		5C6C7F1C1A2C6651007E3BEE /* BMKArclineView.h */ = {isa = PBXFileReference; fileEncoding = 4; lastKnownFileType = sourcecode.c.h; path = BMKArclineView.h; sourceTree = "<group>"; };
		5C6C7F1D1A2C6651007E3BEE /* BMKBaseComponent.h */ = {isa = PBXFileReference; fileEncoding = 4; lastKnownFileType = sourcecode.c.h; path = BMKBaseComponent.h; sourceTree = "<group>"; };
		5C6C7F1E1A2C6651007E3BEE /* BMKBusLineSearch.h */ = {isa = PBXFileReference; fileEncoding = 4; lastKnownFileType = sourcecode.c.h; path = BMKBusLineSearch.h; sourceTree = "<group>"; };
		5C6C7F1F1A2C6651007E3BEE /* BMKBusLineSearchOption.h */ = {isa = PBXFileReference; fileEncoding = 4; lastKnownFileType = sourcecode.c.h; path = BMKBusLineSearchOption.h; sourceTree = "<group>"; };
		5C6C7F201A2C6651007E3BEE /* BMKCircle.h */ = {isa = PBXFileReference; fileEncoding = 4; lastKnownFileType = sourcecode.c.h; path = BMKCircle.h; sourceTree = "<group>"; };
		5C6C7F211A2C6651007E3BEE /* BMKCircleView.h */ = {isa = PBXFileReference; fileEncoding = 4; lastKnownFileType = sourcecode.c.h; path = BMKCircleView.h; sourceTree = "<group>"; };
		5C6C7F221A2C6651007E3BEE /* BMKCloudPOIList.h */ = {isa = PBXFileReference; fileEncoding = 4; lastKnownFileType = sourcecode.c.h; path = BMKCloudPOIList.h; sourceTree = "<group>"; };
		5C6C7F231A2C6651007E3BEE /* BMKCloudSearch.h */ = {isa = PBXFileReference; fileEncoding = 4; lastKnownFileType = sourcecode.c.h; path = BMKCloudSearch.h; sourceTree = "<group>"; };
		5C6C7F241A2C6651007E3BEE /* BMKCloudSearchComponent.h */ = {isa = PBXFileReference; fileEncoding = 4; lastKnownFileType = sourcecode.c.h; path = BMKCloudSearchComponent.h; sourceTree = "<group>"; };
		5C6C7F251A2C6651007E3BEE /* BMKCloudSearchInfo.h */ = {isa = PBXFileReference; fileEncoding = 4; lastKnownFileType = sourcecode.c.h; path = BMKCloudSearchInfo.h; sourceTree = "<group>"; };
		5C6C7F261A2C6651007E3BEE /* BMKGeneralDelegate.h */ = {isa = PBXFileReference; fileEncoding = 4; lastKnownFileType = sourcecode.c.h; path = BMKGeneralDelegate.h; sourceTree = "<group>"; };
		5C6C7F271A2C6651007E3BEE /* BMKGeocodeSearch.h */ = {isa = PBXFileReference; fileEncoding = 4; lastKnownFileType = sourcecode.c.h; path = BMKGeocodeSearch.h; sourceTree = "<group>"; };
		5C6C7F281A2C6651007E3BEE /* BMKGeocodeSearchOption.h */ = {isa = PBXFileReference; fileEncoding = 4; lastKnownFileType = sourcecode.c.h; path = BMKGeocodeSearchOption.h; sourceTree = "<group>"; };
		5C6C7F291A2C6651007E3BEE /* BMKGeocodeType.h */ = {isa = PBXFileReference; fileEncoding = 4; lastKnownFileType = sourcecode.c.h; path = BMKGeocodeType.h; sourceTree = "<group>"; };
		5C6C7F2A1A2C6651007E3BEE /* BMKGeometry.h */ = {isa = PBXFileReference; fileEncoding = 4; lastKnownFileType = sourcecode.c.h; path = BMKGeometry.h; sourceTree = "<group>"; };
		5C6C7F2B1A2C6651007E3BEE /* BMKGradient.h */ = {isa = PBXFileReference; fileEncoding = 4; lastKnownFileType = sourcecode.c.h; path = BMKGradient.h; sourceTree = "<group>"; };
		5C6C7F2C1A2C6651007E3BEE /* BMKGroundOverlay.h */ = {isa = PBXFileReference; fileEncoding = 4; lastKnownFileType = sourcecode.c.h; path = BMKGroundOverlay.h; sourceTree = "<group>"; };
		5C6C7F2D1A2C6651007E3BEE /* BMKGroundOverlayView.h */ = {isa = PBXFileReference; fileEncoding = 4; lastKnownFileType = sourcecode.c.h; path = BMKGroundOverlayView.h; sourceTree = "<group>"; };
		5C6C7F2E1A2C6651007E3BEE /* BMKHeatMap.h */ = {isa = PBXFileReference; fileEncoding = 4; lastKnownFileType = sourcecode.c.h; path = BMKHeatMap.h; sourceTree = "<group>"; };
		5C6C7F2F1A2C6651007E3BEE /* BMKLocationComponent.h */ = {isa = PBXFileReference; fileEncoding = 4; lastKnownFileType = sourcecode.c.h; path = BMKLocationComponent.h; sourceTree = "<group>"; };
		5C6C7F301A2C6651007E3BEE /* BMKLocationService.h */ = {isa = PBXFileReference; fileEncoding = 4; lastKnownFileType = sourcecode.c.h; path = BMKLocationService.h; sourceTree = "<group>"; };
		5C6C7F311A2C6651007E3BEE /* BMKLocationViewDisplayParam.h */ = {isa = PBXFileReference; fileEncoding = 4; lastKnownFileType = sourcecode.c.h; path = BMKLocationViewDisplayParam.h; sourceTree = "<group>"; };
		5C6C7F321A2C6651007E3BEE /* BMKMapComponent.h */ = {isa = PBXFileReference; fileEncoding = 4; lastKnownFileType = sourcecode.c.h; path = BMKMapComponent.h; sourceTree = "<group>"; };
		5C6C7F331A2C6651007E3BEE /* BMKMapManager.h */ = {isa = PBXFileReference; fileEncoding = 4; lastKnownFileType = sourcecode.c.h; path = BMKMapManager.h; sourceTree = "<group>"; };
		5C6C7F341A2C6651007E3BEE /* BMKMapStatus.h */ = {isa = PBXFileReference; fileEncoding = 4; lastKnownFileType = sourcecode.c.h; path = BMKMapStatus.h; sourceTree = "<group>"; };
		5C6C7F351A2C6651007E3BEE /* BMKMapView.h */ = {isa = PBXFileReference; fileEncoding = 4; lastKnownFileType = sourcecode.c.h; path = BMKMapView.h; sourceTree = "<group>"; };
		5C6C7F361A2C6651007E3BEE /* BMKMultiPoint.h */ = {isa = PBXFileReference; fileEncoding = 4; lastKnownFileType = sourcecode.c.h; path = BMKMultiPoint.h; sourceTree = "<group>"; };
		5C6C7F371A2C6651007E3BEE /* BMKNavigation.h */ = {isa = PBXFileReference; fileEncoding = 4; lastKnownFileType = sourcecode.c.h; path = BMKNavigation.h; sourceTree = "<group>"; };
		5C6C7F381A2C6651007E3BEE /* BMKOfflineMap.h */ = {isa = PBXFileReference; fileEncoding = 4; lastKnownFileType = sourcecode.c.h; path = BMKOfflineMap.h; sourceTree = "<group>"; };
		5C6C7F391A2C6651007E3BEE /* BMKOfflineMapType.h */ = {isa = PBXFileReference; fileEncoding = 4; lastKnownFileType = sourcecode.c.h; path = BMKOfflineMapType.h; sourceTree = "<group>"; };
		5C6C7F3A1A2C6651007E3BEE /* BMKOverlay.h */ = {isa = PBXFileReference; fileEncoding = 4; lastKnownFileType = sourcecode.c.h; path = BMKOverlay.h; sourceTree = "<group>"; };
		5C6C7F3B1A2C6651007E3BEE /* BMKOverlayGLBasicView.h */ = {isa = PBXFileReference; fileEncoding = 4; lastKnownFileType = sourcecode.c.h; path = BMKOverlayGLBasicView.h; sourceTree = "<group>"; };
		5C6C7F3C1A2C6651007E3BEE /* BMKOverlayPathView.h */ = {isa = PBXFileReference; fileEncoding = 4; lastKnownFileType = sourcecode.c.h; path = BMKOverlayPathView.h; sourceTree = "<group>"; };
		5C6C7F3D1A2C6651007E3BEE /* BMKOverlayView.h */ = {isa = PBXFileReference; fileEncoding = 4; lastKnownFileType = sourcecode.c.h; path = BMKOverlayView.h; sourceTree = "<group>"; };
		5C6C7F3E1A2C6651007E3BEE /* BMKPinAnnotationView.h */ = {isa = PBXFileReference; fileEncoding = 4; lastKnownFileType = sourcecode.c.h; path = BMKPinAnnotationView.h; sourceTree = "<group>"; };
		5C6C7F3F1A2C6651007E3BEE /* BMKPointAnnotation.h */ = {isa = PBXFileReference; fileEncoding = 4; lastKnownFileType = sourcecode.c.h; path = BMKPointAnnotation.h; sourceTree = "<group>"; };
		5C6C7F401A2C6651007E3BEE /* BMKPoiSearch.h */ = {isa = PBXFileReference; fileEncoding = 4; lastKnownFileType = sourcecode.c.h; path = BMKPoiSearch.h; sourceTree = "<group>"; };
		5C6C7F411A2C6651007E3BEE /* BMKPoiSearchOption.h */ = {isa = PBXFileReference; fileEncoding = 4; lastKnownFileType = sourcecode.c.h; path = BMKPoiSearchOption.h; sourceTree = "<group>"; };
		5C6C7F421A2C6651007E3BEE /* BMKPoiSearchType.h */ = {isa = PBXFileReference; fileEncoding = 4; lastKnownFileType = sourcecode.c.h; path = BMKPoiSearchType.h; sourceTree = "<group>"; };
		5C6C7F431A2C6651007E3BEE /* BMKPolygon.h */ = {isa = PBXFileReference; fileEncoding = 4; lastKnownFileType = sourcecode.c.h; path = BMKPolygon.h; sourceTree = "<group>"; };
		5C6C7F441A2C6651007E3BEE /* BMKPolygonView.h */ = {isa = PBXFileReference; fileEncoding = 4; lastKnownFileType = sourcecode.c.h; path = BMKPolygonView.h; sourceTree = "<group>"; };
		5C6C7F451A2C6651007E3BEE /* BMKPolyline.h */ = {isa = PBXFileReference; fileEncoding = 4; lastKnownFileType = sourcecode.c.h; path = BMKPolyline.h; sourceTree = "<group>"; };
		5C6C7F461A2C6651007E3BEE /* BMKPolylineView.h */ = {isa = PBXFileReference; fileEncoding = 4; lastKnownFileType = sourcecode.c.h; path = BMKPolylineView.h; sourceTree = "<group>"; };
		5C6C7F471A2C6651007E3BEE /* BMKRouteSearch.h */ = {isa = PBXFileReference; fileEncoding = 4; lastKnownFileType = sourcecode.c.h; path = BMKRouteSearch.h; sourceTree = "<group>"; };
		5C6C7F481A2C6651007E3BEE /* BMKRouteSearchOption.h */ = {isa = PBXFileReference; fileEncoding = 4; lastKnownFileType = sourcecode.c.h; path = BMKRouteSearchOption.h; sourceTree = "<group>"; };
		5C6C7F491A2C6651007E3BEE /* BMKRouteSearchType.h */ = {isa = PBXFileReference; fileEncoding = 4; lastKnownFileType = sourcecode.c.h; path = BMKRouteSearchType.h; sourceTree = "<group>"; };
		5C6C7F4A1A2C6651007E3BEE /* BMKSearchComponent.h */ = {isa = PBXFileReference; fileEncoding = 4; lastKnownFileType = sourcecode.c.h; path = BMKSearchComponent.h; sourceTree = "<group>"; };
		5C6C7F4B1A2C6651007E3BEE /* BMKShape.h */ = {isa = PBXFileReference; fileEncoding = 4; lastKnownFileType = sourcecode.c.h; path = BMKShape.h; sourceTree = "<group>"; };
		5C6C7F4C1A2C6651007E3BEE /* BMKShareURLSearch.h */ = {isa = PBXFileReference; fileEncoding = 4; lastKnownFileType = sourcecode.c.h; path = BMKShareURLSearch.h; sourceTree = "<group>"; };
		5C6C7F4D1A2C6651007E3BEE /* BMKShareUrlSearchOption.h */ = {isa = PBXFileReference; fileEncoding = 4; lastKnownFileType = sourcecode.c.h; path = BMKShareUrlSearchOption.h; sourceTree = "<group>"; };
		5C6C7F4E1A2C6651007E3BEE /* BMKSuggestionSearch.h */ = {isa = PBXFileReference; fileEncoding = 4; lastKnownFileType = sourcecode.c.h; path = BMKSuggestionSearch.h; sourceTree = "<group>"; };
		5C6C7F4F1A2C6651007E3BEE /* BMKSuggestionSearchOption.h */ = {isa = PBXFileReference; fileEncoding = 4; lastKnownFileType = sourcecode.c.h; path = BMKSuggestionSearchOption.h; sourceTree = "<group>"; };
		5C6C7F501A2C6651007E3BEE /* BMKTypes.h */ = {isa = PBXFileReference; fileEncoding = 4; lastKnownFileType = sourcecode.c.h; path = BMKTypes.h; sourceTree = "<group>"; };
		5C6C7F511A2C6651007E3BEE /* BMKUserLocation.h */ = {isa = PBXFileReference; fileEncoding = 4; lastKnownFileType = sourcecode.c.h; path = BMKUserLocation.h; sourceTree = "<group>"; };
		5C6C7F521A2C6651007E3BEE /* BMKUtilsComponent.h */ = {isa = PBXFileReference; fileEncoding = 4; lastKnownFileType = sourcecode.c.h; path = BMKUtilsComponent.h; sourceTree = "<group>"; };
		5C6C7F531A2C6651007E3BEE /* BMKVersion.h */ = {isa = PBXFileReference; fileEncoding = 4; lastKnownFileType = sourcecode.c.h; path = BMKVersion.h; sourceTree = "<group>"; };
		5C6C7F541A2C6651007E3BEE /* Info.plist */ = {isa = PBXFileReference; fileEncoding = 4; lastKnownFileType = text.plist.xml; path = Info.plist; sourceTree = "<group>"; };
		5C6C7F551A2C6651007E3BEE /* libbaidumapapi.a */ = {isa = PBXFileReference; lastKnownFileType = archive.ar; path = libbaidumapapi.a; sourceTree = "<group>"; };
		5C6C7F561A2C6651007E3BEE /* main.m */ = {isa = PBXFileReference; fileEncoding = 4; lastKnownFileType = sourcecode.c.objc; path = main.m; sourceTree = "<group>"; };
		5C6C7F571A2C6651007E3BEE /* mapapi.bundle */ = {isa = PBXFileReference; lastKnownFileType = "wrapper.plug-in"; path = mapapi.bundle; sourceTree = "<group>"; };
		5C6C7F581A2C6651007E3BEE /* ViewController.h */ = {isa = PBXFileReference; fileEncoding = 4; lastKnownFileType = sourcecode.c.h; path = ViewController.h; sourceTree = "<group>"; };
		5C6C7F591A2C6651007E3BEE /* ViewController.m */ = {isa = PBXFileReference; fileEncoding = 4; lastKnownFileType = sourcecode.c.objc; path = ViewController.m; sourceTree = "<group>"; };
		697A1E261A29D2C900350B7E /* My Baidu Map.app */ = {isa = PBXFileReference; explicitFileType = wrapper.application; includeInIndex = 0; path = "My Baidu Map.app"; sourceTree = BUILT_PRODUCTS_DIR; };
		697A1E3F1A29D2C900350B7E /* My Baidu MapTests.xctest */ = {isa = PBXFileReference; explicitFileType = wrapper.cfbundle; includeInIndex = 0; path = "My Baidu MapTests.xctest"; sourceTree = BUILT_PRODUCTS_DIR; };
		697A1E441A29D2C900350B7E /* Info.plist */ = {isa = PBXFileReference; lastKnownFileType = text.plist.xml; path = Info.plist; sourceTree = "<group>"; };
		697A1E451A29D2C900350B7E /* My_Baidu_MapTests.m */ = {isa = PBXFileReference; lastKnownFileType = sourcecode.c.objc; path = My_Baidu_MapTests.m; sourceTree = "<group>"; };
		697A1E901A29D55B00350B7E /* CoreLocation.framework */ = {isa = PBXFileReference; lastKnownFileType = wrapper.framework; name = CoreLocation.framework; path = System/Library/Frameworks/CoreLocation.framework; sourceTree = SDKROOT; };
		697A1E921A29D56D00350B7E /* QuartzCore.framework */ = {isa = PBXFileReference; lastKnownFileType = wrapper.framework; name = QuartzCore.framework; path = System/Library/Frameworks/QuartzCore.framework; sourceTree = SDKROOT; };
		697A1E941A29D57D00350B7E /* OpenGLES.framework */ = {isa = PBXFileReference; lastKnownFileType = wrapper.framework; name = OpenGLES.framework; path = System/Library/Frameworks/OpenGLES.framework; sourceTree = SDKROOT; };
		697A1E961A29D58D00350B7E /* SystemConfiguration.framework */ = {isa = PBXFileReference; lastKnownFileType = wrapper.framework; name = SystemConfiguration.framework; path = System/Library/Frameworks/SystemConfiguration.framework; sourceTree = SDKROOT; };
		697A1E981A29D59700350B7E /* CoreGraphics.framework */ = {isa = PBXFileReference; lastKnownFileType = wrapper.framework; name = CoreGraphics.framework; path = System/Library/Frameworks/CoreGraphics.framework; sourceTree = SDKROOT; };
		697A1E9A1A29D5A100350B7E /* Security.framework */ = {isa = PBXFileReference; lastKnownFileType = wrapper.framework; name = Security.framework; path = System/Library/Frameworks/Security.framework; sourceTree = SDKROOT; };
/* End PBXFileReference section */

/* Begin PBXFrameworksBuildPhase section */
		697A1E231A29D2C900350B7E /* Frameworks */ = {
			isa = PBXFrameworksBuildPhase;
			buildActionMask = 2147483647;
			files = (
				697A1E9B1A29D5A100350B7E /* Security.framework in Frameworks */,
				697A1E991A29D59700350B7E /* CoreGraphics.framework in Frameworks */,
				697A1E971A29D58D00350B7E /* SystemConfiguration.framework in Frameworks */,
				697A1E951A29D57D00350B7E /* OpenGLES.framework in Frameworks */,
				5C6C7F5F1A2C6651007E3BEE /* libbaidumapapi.a in Frameworks */,
				697A1E931A29D56D00350B7E /* QuartzCore.framework in Frameworks */,
				697A1E911A29D55B00350B7E /* CoreLocation.framework in Frameworks */,
			);
			runOnlyForDeploymentPostprocessing = 0;
		};
		697A1E3C1A29D2C900350B7E /* Frameworks */ = {
			isa = PBXFrameworksBuildPhase;
			buildActionMask = 2147483647;
			files = (
			);
			runOnlyForDeploymentPostprocessing = 0;
		};
/* End PBXFrameworksBuildPhase section */

/* Begin PBXGroup section */
		5C6C7F0E1A2C6651007E3BEE /* My_Baidu_Map */ = {
			isa = PBXGroup;
			children = (
				5C6C7F0F1A2C6651007E3BEE /* AppDelegate.h */,
				5C6C7F101A2C6651007E3BEE /* AppDelegate.mm */,
				5C6C7F581A2C6651007E3BEE /* ViewController.h */,
				5C6C7F591A2C6651007E3BEE /* ViewController.m */,
				5C6C7F111A2C6651007E3BEE /* LaunchScreen.xib */,
				5C6C7F131A2C6651007E3BEE /* Main.storyboard */,
				5C6C7F151A2C6651007E3BEE /* Images.xcassets */,
				5C6C7F631A2C6869007E3BEE /* 百度SDK */,
				5C6C7F541A2C6651007E3BEE /* Info.plist */,
				5C6C7F561A2C6651007E3BEE /* main.m */,
			);
			path = My_Baidu_Map;
			sourceTree = "<group>";
		};
		5C6C7F161A2C6651007E3BEE /* inc */ = {
			isa = PBXGroup;
			children = (
				5C6C7F171A2C6651007E3BEE /* BMapKit.h */,
				5C6C7F181A2C6651007E3BEE /* BMKActionPaopaoView.h */,
				5C6C7F191A2C6651007E3BEE /* BMKAnnotation.h */,
				5C6C7F1A1A2C6651007E3BEE /* BMKAnnotationView.h */,
				5C6C7F1B1A2C6651007E3BEE /* BMKArcline.h */,
				5C6C7F1C1A2C6651007E3BEE /* BMKArclineView.h */,
				5C6C7F1D1A2C6651007E3BEE /* BMKBaseComponent.h */,
				5C6C7F1E1A2C6651007E3BEE /* BMKBusLineSearch.h */,
				5C6C7F1F1A2C6651007E3BEE /* BMKBusLineSearchOption.h */,
				5C6C7F201A2C6651007E3BEE /* BMKCircle.h */,
				5C6C7F211A2C6651007E3BEE /* BMKCircleView.h */,
				5C6C7F221A2C6651007E3BEE /* BMKCloudPOIList.h */,
				5C6C7F231A2C6651007E3BEE /* BMKCloudSearch.h */,
				5C6C7F241A2C6651007E3BEE /* BMKCloudSearchComponent.h */,
				5C6C7F251A2C6651007E3BEE /* BMKCloudSearchInfo.h */,
				5C6C7F261A2C6651007E3BEE /* BMKGeneralDelegate.h */,
				5C6C7F271A2C6651007E3BEE /* BMKGeocodeSearch.h */,
				5C6C7F281A2C6651007E3BEE /* BMKGeocodeSearchOption.h */,
				5C6C7F291A2C6651007E3BEE /* BMKGeocodeType.h */,
				5C6C7F2A1A2C6651007E3BEE /* BMKGeometry.h */,
				5C6C7F2B1A2C6651007E3BEE /* BMKGradient.h */,
				5C6C7F2C1A2C6651007E3BEE /* BMKGroundOverlay.h */,
				5C6C7F2D1A2C6651007E3BEE /* BMKGroundOverlayView.h */,
				5C6C7F2E1A2C6651007E3BEE /* BMKHeatMap.h */,
				5C6C7F2F1A2C6651007E3BEE /* BMKLocationComponent.h */,
				5C6C7F301A2C6651007E3BEE /* BMKLocationService.h */,
				5C6C7F311A2C6651007E3BEE /* BMKLocationViewDisplayParam.h */,
				5C6C7F321A2C6651007E3BEE /* BMKMapComponent.h */,
				5C6C7F331A2C6651007E3BEE /* BMKMapManager.h */,
				5C6C7F341A2C6651007E3BEE /* BMKMapStatus.h */,
				5C6C7F351A2C6651007E3BEE /* BMKMapView.h */,
				5C6C7F361A2C6651007E3BEE /* BMKMultiPoint.h */,
				5C6C7F371A2C6651007E3BEE /* BMKNavigation.h */,
				5C6C7F381A2C6651007E3BEE /* BMKOfflineMap.h */,
				5C6C7F391A2C6651007E3BEE /* BMKOfflineMapType.h */,
				5C6C7F3A1A2C6651007E3BEE /* BMKOverlay.h */,
				5C6C7F3B1A2C6651007E3BEE /* BMKOverlayGLBasicView.h */,
				5C6C7F3C1A2C6651007E3BEE /* BMKOverlayPathView.h */,
				5C6C7F3D1A2C6651007E3BEE /* BMKOverlayView.h */,
				5C6C7F3E1A2C6651007E3BEE /* BMKPinAnnotationView.h */,
				5C6C7F3F1A2C6651007E3BEE /* BMKPointAnnotation.h */,
				5C6C7F401A2C6651007E3BEE /* BMKPoiSearch.h */,
				5C6C7F411A2C6651007E3BEE /* BMKPoiSearchOption.h */,
				5C6C7F421A2C6651007E3BEE /* BMKPoiSearchType.h */,
				5C6C7F431A2C6651007E3BEE /* BMKPolygon.h */,
				5C6C7F441A2C6651007E3BEE /* BMKPolygonView.h */,
				5C6C7F451A2C6651007E3BEE /* BMKPolyline.h */,
				5C6C7F461A2C6651007E3BEE /* BMKPolylineView.h */,
				5C6C7F471A2C6651007E3BEE /* BMKRouteSearch.h */,
				5C6C7F481A2C6651007E3BEE /* BMKRouteSearchOption.h */,
				5C6C7F491A2C6651007E3BEE /* BMKRouteSearchType.h */,
				5C6C7F4A1A2C6651007E3BEE /* BMKSearchComponent.h */,
				5C6C7F4B1A2C6651007E3BEE /* BMKShape.h */,
				5C6C7F4C1A2C6651007E3BEE /* BMKShareURLSearch.h */,
				5C6C7F4D1A2C6651007E3BEE /* BMKShareUrlSearchOption.h */,
				5C6C7F4E1A2C6651007E3BEE /* BMKSuggestionSearch.h */,
				5C6C7F4F1A2C6651007E3BEE /* BMKSuggestionSearchOption.h */,
				5C6C7F501A2C6651007E3BEE /* BMKTypes.h */,
				5C6C7F511A2C6651007E3BEE /* BMKUserLocation.h */,
				5C6C7F521A2C6651007E3BEE /* BMKUtilsComponent.h */,
				5C6C7F531A2C6651007E3BEE /* BMKVersion.h */,
			);
			path = inc;
			sourceTree = "<group>";
		};
		5C6C7F631A2C6869007E3BEE /* 百度SDK */ = {
			isa = PBXGroup;
			children = (
				5C6C7F641A2C6891007E3BEE /* 地图 */,
			);
			name = "百度SDK";
			sourceTree = "<group>";
		};
		5C6C7F641A2C6891007E3BEE /* 地图 */ = {
			isa = PBXGroup;
			children = (
				5C6C7F161A2C6651007E3BEE /* inc */,
				5C6C7F551A2C6651007E3BEE /* libbaidumapapi.a */,
				5C6C7F571A2C6651007E3BEE /* mapapi.bundle */,
			);
			name = "地图";
			sourceTree = "<group>";
		};
		697A1E1D1A29D2C900350B7E = {
			isa = PBXGroup;
			children = (
				697A1E9A1A29D5A100350B7E /* Security.framework */,
				697A1E981A29D59700350B7E /* CoreGraphics.framework */,
				697A1E961A29D58D00350B7E /* SystemConfiguration.framework */,
				697A1E941A29D57D00350B7E /* OpenGLES.framework */,
				697A1E921A29D56D00350B7E /* QuartzCore.framework */,
				697A1E901A29D55B00350B7E /* CoreLocation.framework */,
				5C6C7F0E1A2C6651007E3BEE /* My_Baidu_Map */,
				697A1E421A29D2C900350B7E /* My Baidu MapTests */,
				697A1E271A29D2C900350B7E /* Products */,
			);
			sourceTree = "<group>";
		};
		697A1E271A29D2C900350B7E /* Products */ = {
			isa = PBXGroup;
			children = (
				697A1E261A29D2C900350B7E /* My Baidu Map.app */,
				697A1E3F1A29D2C900350B7E /* My Baidu MapTests.xctest */,
			);
			name = Products;
			sourceTree = "<group>";
		};
		697A1E421A29D2C900350B7E /* My Baidu MapTests */ = {
			isa = PBXGroup;
			children = (
				697A1E451A29D2C900350B7E /* My_Baidu_MapTests.m */,
				697A1E431A29D2C900350B7E /* Supporting Files */,
			);
			path = "My Baidu MapTests";
			sourceTree = "<group>";
		};
		697A1E431A29D2C900350B7E /* Supporting Files */ = {
			isa = PBXGroup;
			children = (
				697A1E441A29D2C900350B7E /* Info.plist */,
			);
			name = "Supporting Files";
			sourceTree = "<group>";
		};
/* End PBXGroup section */

/* Begin PBXNativeTarget section */
		697A1E251A29D2C900350B7E /* My Baidu Map */ = {
			isa = PBXNativeTarget;
			buildConfigurationList = 697A1E491A29D2C900350B7E /* Build configuration list for PBXNativeTarget "My Baidu Map" */;
			buildPhases = (
				697A1E221A29D2C900350B7E /* Sources */,
				697A1E231A29D2C900350B7E /* Frameworks */,
				697A1E241A29D2C900350B7E /* Resources */,
			);
			buildRules = (
			);
			dependencies = (
			);
			name = "My Baidu Map";
			productName = "My Baidu Map";
			productReference = 697A1E261A29D2C900350B7E /* My Baidu Map.app */;
			productType = "com.apple.product-type.application";
		};
		697A1E3E1A29D2C900350B7E /* My Baidu MapTests */ = {
			isa = PBXNativeTarget;
			buildConfigurationList = 697A1E4C1A29D2C900350B7E /* Build configuration list for PBXNativeTarget "My Baidu MapTests" */;
			buildPhases = (
				697A1E3B1A29D2C900350B7E /* Sources */,
				697A1E3C1A29D2C900350B7E /* Frameworks */,
				697A1E3D1A29D2C900350B7E /* Resources */,
			);
			buildRules = (
			);
			dependencies = (
				697A1E411A29D2C900350B7E /* PBXTargetDependency */,
			);
			name = "My Baidu MapTests";
			productName = "My Baidu MapTests";
			productReference = 697A1E3F1A29D2C900350B7E /* My Baidu MapTests.xctest */;
			productType = "com.apple.product-type.bundle.unit-test";
		};
/* End PBXNativeTarget section */

/* Begin PBXProject section */
		697A1E1E1A29D2C900350B7E /* Project object */ = {
			isa = PBXProject;
			attributes = {
				LastUpgradeCheck = 0610;
				ORGANIZATIONNAME = "韩鹏博";
				TargetAttributes = {
					697A1E251A29D2C900350B7E = {
						CreatedOnToolsVersion = 6.1;
					};
					697A1E3E1A29D2C900350B7E = {
						CreatedOnToolsVersion = 6.1;
						TestTargetID = 697A1E251A29D2C900350B7E;
					};
				};
			};
			buildConfigurationList = 697A1E211A29D2C900350B7E /* Build configuration list for PBXProject "My Baidu Map" */;
			compatibilityVersion = "Xcode 3.2";
			developmentRegion = English;
			hasScannedForEncodings = 0;
			knownRegions = (
				en,
				Base,
			);
			mainGroup = 697A1E1D1A29D2C900350B7E;
			productRefGroup = 697A1E271A29D2C900350B7E /* Products */;
			projectDirPath = "";
			projectRoot = "";
			targets = (
				697A1E251A29D2C900350B7E /* My Baidu Map */,
				697A1E3E1A29D2C900350B7E /* My Baidu MapTests */,
			);
		};
/* End PBXProject section */

/* Begin PBXResourcesBuildPhase section */
		697A1E241A29D2C900350B7E /* Resources */ = {
			isa = PBXResourcesBuildPhase;
			buildActionMask = 2147483647;
			files = (
				5C6C7F5E1A2C6651007E3BEE /* Info.plist in Resources */,
				5C6C7F611A2C6651007E3BEE /* mapapi.bundle in Resources */,
				5C6C7F5D1A2C6651007E3BEE /* Images.xcassets in Resources */,
				5C6C7F5B1A2C6651007E3BEE /* LaunchScreen.xib in Resources */,
				5C6C7F5C1A2C6651007E3BEE /* Main.storyboard in Resources */,
			);
			runOnlyForDeploymentPostprocessing = 0;
		};
		697A1E3D1A29D2C900350B7E /* Resources */ = {
			isa = PBXResourcesBuildPhase;
			buildActionMask = 2147483647;
			files = (
			);
			runOnlyForDeploymentPostprocessing = 0;
		};
/* End PBXResourcesBuildPhase section */

/* Begin PBXSourcesBuildPhase section */
		697A1E221A29D2C900350B7E /* Sources */ = {
			isa = PBXSourcesBuildPhase;
			buildActionMask = 2147483647;
			files = (
				5C6C7F621A2C6651007E3BEE /* ViewController.m in Sources */,
				5C6C7F601A2C6651007E3BEE /* main.m in Sources */,
				5C6C7F5A1A2C6651007E3BEE /* AppDelegate.mm in Sources */,
			);
			runOnlyForDeploymentPostprocessing = 0;
		};
		697A1E3B1A29D2C900350B7E /* Sources */ = {
			isa = PBXSourcesBuildPhase;
			buildActionMask = 2147483647;
			files = (
				697A1E461A29D2C900350B7E /* My_Baidu_MapTests.m in Sources */,
			);
			runOnlyForDeploymentPostprocessing = 0;
		};
/* End PBXSourcesBuildPhase section */

/* Begin PBXTargetDependency section */
		697A1E411A29D2C900350B7E /* PBXTargetDependency */ = {
			isa = PBXTargetDependency;
			target = 697A1E251A29D2C900350B7E /* My Baidu Map */;
			targetProxy = 697A1E401A29D2C900350B7E /* PBXContainerItemProxy */;
		};
/* End PBXTargetDependency section */

/* Begin PBXVariantGroup section */
		5C6C7F111A2C6651007E3BEE /* LaunchScreen.xib */ = {
			isa = PBXVariantGroup;
			children = (
				5C6C7F121A2C6651007E3BEE /* Base */,
			);
			name = LaunchScreen.xib;
			sourceTree = "<group>";
		};
		5C6C7F131A2C6651007E3BEE /* Main.storyboard */ = {
			isa = PBXVariantGroup;
			children = (
				5C6C7F141A2C6651007E3BEE /* Base */,
			);
			name = Main.storyboard;
			sourceTree = "<group>";
		};
/* End PBXVariantGroup section */

/* Begin XCBuildConfiguration section */
		697A1E471A29D2C900350B7E /* Debug */ = {
			isa = XCBuildConfiguration;
			buildSettings = {
				ALWAYS_SEARCH_USER_PATHS = NO;
				CLANG_CXX_LANGUAGE_STANDARD = "gnu++0x";
				CLANG_CXX_LIBRARY = "libc++";
				CLANG_ENABLE_MODULES = YES;
				CLANG_ENABLE_OBJC_ARC = YES;
				CLANG_WARN_BOOL_CONVERSION = YES;
				CLANG_WARN_CONSTANT_CONVERSION = YES;
				CLANG_WARN_DIRECT_OBJC_ISA_USAGE = YES_ERROR;
				CLANG_WARN_EMPTY_BODY = YES;
				CLANG_WARN_ENUM_CONVERSION = YES;
				CLANG_WARN_INT_CONVERSION = YES;
				CLANG_WARN_OBJC_ROOT_CLASS = YES_ERROR;
				CLANG_WARN_UNREACHABLE_CODE = YES;
				CLANG_WARN__DUPLICATE_METHOD_MATCH = YES;
				"CODE_SIGN_IDENTITY[sdk=iphoneos*]" = "iPhone Developer";
				COPY_PHASE_STRIP = NO;
				ENABLE_STRICT_OBJC_MSGSEND = YES;
				GCC_C_LANGUAGE_STANDARD = gnu99;
				GCC_DYNAMIC_NO_PIC = NO;
				GCC_OPTIMIZATION_LEVEL = 0;
				GCC_PREPROCESSOR_DEFINITIONS = (
					"DEBUG=1",
					"$(inherited)",
				);
				GCC_SYMBOLS_PRIVATE_EXTERN = NO;
				GCC_WARN_64_TO_32_BIT_CONVERSION = YES;
				GCC_WARN_ABOUT_RETURN_TYPE = YES_ERROR;
				GCC_WARN_UNDECLARED_SELECTOR = YES;
				GCC_WARN_UNINITIALIZED_AUTOS = YES_AGGRESSIVE;
				GCC_WARN_UNUSED_FUNCTION = YES;
				GCC_WARN_UNUSED_VARIABLE = YES;
				IPHONEOS_DEPLOYMENT_TARGET = 8.1;
				MTL_ENABLE_DEBUG_INFO = YES;
				ONLY_ACTIVE_ARCH = YES;
				SDKROOT = iphoneos;
				TARGETED_DEVICE_FAMILY = "1,2";
			};
			name = Debug;
		};
		697A1E481A29D2C900350B7E /* Release */ = {
			isa = XCBuildConfiguration;
			buildSettings = {
				ALWAYS_SEARCH_USER_PATHS = NO;
				CLANG_CXX_LANGUAGE_STANDARD = "gnu++0x";
				CLANG_CXX_LIBRARY = "libc++";
				CLANG_ENABLE_MODULES = YES;
				CLANG_ENABLE_OBJC_ARC = YES;
				CLANG_WARN_BOOL_CONVERSION = YES;
				CLANG_WARN_CONSTANT_CONVERSION = YES;
				CLANG_WARN_DIRECT_OBJC_ISA_USAGE = YES_ERROR;
				CLANG_WARN_EMPTY_BODY = YES;
				CLANG_WARN_ENUM_CONVERSION = YES;
				CLANG_WARN_INT_CONVERSION = YES;
				CLANG_WARN_OBJC_ROOT_CLASS = YES_ERROR;
				CLANG_WARN_UNREACHABLE_CODE = YES;
				CLANG_WARN__DUPLICATE_METHOD_MATCH = YES;
				"CODE_SIGN_IDENTITY[sdk=iphoneos*]" = "iPhone Developer";
				COPY_PHASE_STRIP = YES;
				ENABLE_NS_ASSERTIONS = NO;
				ENABLE_STRICT_OBJC_MSGSEND = YES;
				GCC_C_LANGUAGE_STANDARD = gnu99;
				GCC_WARN_64_TO_32_BIT_CONVERSION = YES;
				GCC_WARN_ABOUT_RETURN_TYPE = YES_ERROR;
				GCC_WARN_UNDECLARED_SELECTOR = YES;
				GCC_WARN_UNINITIALIZED_AUTOS = YES_AGGRESSIVE;
				GCC_WARN_UNUSED_FUNCTION = YES;
				GCC_WARN_UNUSED_VARIABLE = YES;
				IPHONEOS_DEPLOYMENT_TARGET = 8.1;
				MTL_ENABLE_DEBUG_INFO = NO;
				SDKROOT = iphoneos;
				TARGETED_DEVICE_FAMILY = "1,2";
				VALIDATE_PRODUCT = YES;
			};
			name = Release;
		};
		697A1E4A1A29D2C900350B7E /* Debug */ = {
			isa = XCBuildConfiguration;
			buildSettings = {
				ASSETCATALOG_COMPILER_APPICON_NAME = AppIcon;
				CODE_SIGN_IDENTITY = "iPhone Developer";
				INFOPLIST_FILE = My_Baidu_Map/Info.plist;
				LD_RUNPATH_SEARCH_PATHS = "$(inherited) @executable_path/Frameworks";
				LIBRARY_SEARCH_PATHS = "$(PROJECT_DIR)/My_Baidu_Map";
				OTHER_LDFLAGS = "-ObjC";
				PRODUCT_NAME = "$(TARGET_NAME)";
				PROVISIONING_PROFILE = "";
			};
			name = Debug;
		};
		697A1E4B1A29D2C900350B7E /* Release */ = {
			isa = XCBuildConfiguration;
			buildSettings = {
				ASSETCATALOG_COMPILER_APPICON_NAME = AppIcon;
				CODE_SIGN_IDENTITY = "iPhone Developer";
				INFOPLIST_FILE = My_Baidu_Map/Info.plist;
				LD_RUNPATH_SEARCH_PATHS = "$(inherited) @executable_path/Frameworks";
				LIBRARY_SEARCH_PATHS = "$(PROJECT_DIR)/My_Baidu_Map";
				OTHER_LDFLAGS = "-ObjC";
				PRODUCT_NAME = "$(TARGET_NAME)";
				PROVISIONING_PROFILE = "";
			};
			name = Release;
		};
		697A1E4D1A29D2C900350B7E /* Debug */ = {
			isa = XCBuildConfiguration;
			buildSettings = {
				BUNDLE_LOADER = "$(TEST_HOST)";
				FRAMEWORK_SEARCH_PATHS = (
					"$(SDKROOT)/Developer/Library/Frameworks",
					"$(inherited)",
				);
				GCC_PREPROCESSOR_DEFINITIONS = (
					"DEBUG=1",
					"$(inherited)",
				);
				INFOPLIST_FILE = "My Baidu MapTests/Info.plist";
				LD_RUNPATH_SEARCH_PATHS = "$(inherited) @executable_path/Frameworks @loader_path/Frameworks";
				PRODUCT_NAME = "$(TARGET_NAME)";
				TEST_HOST = "$(BUILT_PRODUCTS_DIR)/My Baidu Map.app/My Baidu Map";
			};
			name = Debug;
		};
		697A1E4E1A29D2C900350B7E /* Release */ = {
			isa = XCBuildConfiguration;
			buildSettings = {
				BUNDLE_LOADER = "$(TEST_HOST)";
				FRAMEWORK_SEARCH_PATHS = (
					"$(SDKROOT)/Developer/Library/Frameworks",
					"$(inherited)",
				);
				INFOPLIST_FILE = "My Baidu MapTests/Info.plist";
				LD_RUNPATH_SEARCH_PATHS = "$(inherited) @executable_path/Frameworks @loader_path/Frameworks";
				PRODUCT_NAME = "$(TARGET_NAME)";
				TEST_HOST = "$(BUILT_PRODUCTS_DIR)/My Baidu Map.app/My Baidu Map";
			};
			name = Release;
		};
/* End XCBuildConfiguration section */

/* Begin XCConfigurationList section */
		697A1E211A29D2C900350B7E /* Build configuration list for PBXProject "My Baidu Map" */ = {
			isa = XCConfigurationList;
			buildConfigurations = (
				697A1E471A29D2C900350B7E /* Debug */,
				697A1E481A29D2C900350B7E /* Release */,
			);
			defaultConfigurationIsVisible = 0;
			defaultConfigurationName = Release;
		};
		697A1E491A29D2C900350B7E /* Build configuration list for PBXNativeTarget "My Baidu Map" */ = {
			isa = XCConfigurationList;
			buildConfigurations = (
				697A1E4A1A29D2C900350B7E /* Debug */,
				697A1E4B1A29D2C900350B7E /* Release */,
			);
			defaultConfigurationIsVisible = 0;
			defaultConfigurationName = Release;
		};
		697A1E4C1A29D2C900350B7E /* Build configuration list for PBXNativeTarget "My Baidu MapTests" */ = {
			isa = XCConfigurationList;
			buildConfigurations = (
				697A1E4D1A29D2C900350B7E /* Debug */,
				697A1E4E1A29D2C900350B7E /* Release */,
			);
			defaultConfigurationIsVisible = 0;
			defaultConfigurationName = Release;
		};
/* End XCConfigurationList section */
	};
	rootObject = 697A1E1E1A29D2C900350B7E /* Project object */;
}
